
Microsoft Visual Studio Solution File, Format Version 12.00
# Visual Studio Version 16
VisualStudioVersion = 16.0.32510.428
MinimumVisualStudioVersion = 10.0.40219.1
Project("{FAE04EC0-301F-11D3-BF4B-00C04F79EFBC}") = "PinnovationTech", "PinnovationTech\PinnovationTech.csproj", "{95FB9FEB-3BC0-47C4-87CF-B03A7A047F19}"
EndProject
Global
	GlobalSection(SolutionConfigurationPlatforms) = preSolution
		Debug|Any CPU = Debug|Any CPU
		Release|Any CPU = Release|Any CPU
	EndGlobalSection
	GlobalSection(ProjectConfigurationPlatforms) = postSolution
		{95FB9FEB-3BC0-47C4-87CF-B03A7A047F19}.Debug|Any CPU.ActiveCfg = Debug|Any CPU
		{95FB9FEB-3BC0-47C4-87CF-B03A7A047F19}.Debug|Any CPU.Build.0 = Debug|Any CPU
		{95FB9FEB-3BC0-47C4-87CF-B03A7A047F19}.Release|Any CPU.ActiveCfg = Release|Any CPU
		{95FB9FEB-3BC0-47C4-87CF-B03A7A047F19}.Release|Any CPU.Build.0 = Release|Any CPU
	EndGlobalSection
	GlobalSection(SolutionProperties) = preSolution
		HideSolutionNode = FALSE
	EndGlobalSection
	GlobalSection(ExtensibilityGlobals) = postSolution
		SolutionGuid = {415B51FE-F9AC-43DE-9452-F05887B7EC59}
	EndGlobalSection
EndGlobal
